
Microsoft Visual Studio Solution File, Format Version 12.00
# Visual Studio Version 16
VisualStudioVersion = 16.0.33214.272
MinimumVisualStudioVersion = 10.0.40219.1
Project("{FAE04EC0-301F-11D3-BF4B-00C04F79EFBC}") = "miprimerproyecto", "miprimerproyecto.csproj", "{4C1307DD-DB03-40CA-9930-4EA06DBFC44B}"
EndProject
Global
	GlobalSection(SolutionConfigurationPlatforms) = preSolution
		Debug|Any CPU = Debug|Any CPU
		Release|Any CPU = Release|Any CPU
	EndGlobalSection
	GlobalSection(ProjectConfigurationPlatforms) = postSolution
		{4C1307DD-DB03-40CA-9930-4EA06DBFC44B}.Debug|Any CPU.ActiveCfg = Debug|Any CPU
		{4C1307DD-DB03-40CA-9930-4EA06DBFC44B}.Debug|Any CPU.Build.0 = Debug|Any CPU
		{4C1307DD-DB03-40CA-9930-4EA06DBFC44B}.Release|Any CPU.ActiveCfg = Release|Any CPU
		{4C1307DD-DB03-40CA-9930-4EA06DBFC44B}.Release|Any CPU.Build.0 = Release|Any CPU
	EndGlobalSection
	GlobalSection(SolutionProperties) = preSolution
		HideSolutionNode = FALSE
	EndGlobalSection
	GlobalSection(ExtensibilityGlobals) = postSolution
		SolutionGuid = {31D37FC1-992C-4B08-BE2D-E4C67DD5B076}
	EndGlobalSection
EndGlobal
